
Microsoft Visual Studio Solution File, Format Version 12.00
# Visual Studio Version 16
VisualStudioVersion = 16.0.30114.105
MinimumVisualStudioVersion = 10.0.40219.1
Project("{2150E333-8FDC-42A3-9474-1A3956D46DE8}") = "src", "src", "{D12FDF25-36FB-4FF9-9460-57AAC6CCBBE4}"
EndProject
Project("{FAE04EC0-301F-11D3-BF4B-00C04F79EFBC}") = "SSO.Api", "src\SSO.Api\SSO.Api.csproj", "{8F98AA27-6E02-4D91-9993-0625DBD1B537}"
EndProject
Project("{FAE04EC0-301F-11D3-BF4B-00C04F79EFBC}") = "SSO.Domain", "src\SSO.Domain\SSO.Domain.csproj", "{5012DE26-323F-47BD-9403-9387ED0E66AF}"
EndProject
Project("{FAE04EC0-301F-11D3-BF4B-00C04F79EFBC}") = "SSO.Infra", "src\SSO.Infra\SSO.Infra.csproj", "{C88EE159-E8F3-41E2-B1D0-D0B2893CB1B0}"
EndProject
Project("{2150E333-8FDC-42A3-9474-1A3956D46DE8}") = "test", "test", "{330FFDE9-6E0E-4624-B98C-A8D14FF26B07}"
EndProject
Project("{FAE04EC0-301F-11D3-BF4B-00C04F79EFBC}") = "SSO.Core.Test", "test\SSO.Core.Test\SSO.Core.Test.csproj", "{732CE4A4-3771-4789-96F8-EFF2AF50ABFB}"
EndProject
Project("{FAE04EC0-301F-11D3-BF4B-00C04F79EFBC}") = "SSO.Integration.Test", "test\SSO.Integration.Test\SSO.Integration.Test.csproj", "{CED8FE26-8476-4FB3-BBDC-746AA388530D}"
EndProject
Project("{FAE04EC0-301F-11D3-BF4B-00C04F79EFBC}") = "SSO.Unit.Test", "test\SSO.Unit.Test\SSO.Unit.Test.csproj", "{A4904C04-27A5-48C5-9FE8-4AB887255292}"
EndProject
Global
	GlobalSection(SolutionConfigurationPlatforms) = preSolution
		Debug|Any CPU = Debug|Any CPU
		Release|Any CPU = Release|Any CPU
	EndGlobalSection
	GlobalSection(SolutionProperties) = preSolution
		HideSolutionNode = FALSE
	EndGlobalSection
	GlobalSection(ProjectConfigurationPlatforms) = postSolution
		{8F98AA27-6E02-4D91-9993-0625DBD1B537}.Debug|Any CPU.ActiveCfg = Debug|Any CPU
		{8F98AA27-6E02-4D91-9993-0625DBD1B537}.Debug|Any CPU.Build.0 = Debug|Any CPU
		{8F98AA27-6E02-4D91-9993-0625DBD1B537}.Release|Any CPU.ActiveCfg = Release|Any CPU
		{8F98AA27-6E02-4D91-9993-0625DBD1B537}.Release|Any CPU.Build.0 = Release|Any CPU
		{5012DE26-323F-47BD-9403-9387ED0E66AF}.Debug|Any CPU.ActiveCfg = Debug|Any CPU
		{5012DE26-323F-47BD-9403-9387ED0E66AF}.Debug|Any CPU.Build.0 = Debug|Any CPU
		{5012DE26-323F-47BD-9403-9387ED0E66AF}.Release|Any CPU.ActiveCfg = Release|Any CPU
		{5012DE26-323F-47BD-9403-9387ED0E66AF}.Release|Any CPU.Build.0 = Release|Any CPU
		{C88EE159-E8F3-41E2-B1D0-D0B2893CB1B0}.Debug|Any CPU.ActiveCfg = Debug|Any CPU
		{C88EE159-E8F3-41E2-B1D0-D0B2893CB1B0}.Debug|Any CPU.Build.0 = Debug|Any CPU
		{C88EE159-E8F3-41E2-B1D0-D0B2893CB1B0}.Release|Any CPU.ActiveCfg = Release|Any CPU
		{C88EE159-E8F3-41E2-B1D0-D0B2893CB1B0}.Release|Any CPU.Build.0 = Release|Any CPU
		{732CE4A4-3771-4789-96F8-EFF2AF50ABFB}.Debug|Any CPU.ActiveCfg = Debug|Any CPU
		{732CE4A4-3771-4789-96F8-EFF2AF50ABFB}.Debug|Any CPU.Build.0 = Debug|Any CPU
		{732CE4A4-3771-4789-96F8-EFF2AF50ABFB}.Release|Any CPU.ActiveCfg = Release|Any CPU
		{732CE4A4-3771-4789-96F8-EFF2AF50ABFB}.Release|Any CPU.Build.0 = Release|Any CPU
		{CED8FE26-8476-4FB3-BBDC-746AA388530D}.Debug|Any CPU.ActiveCfg = Debug|Any CPU
		{CED8FE26-8476-4FB3-BBDC-746AA388530D}.Debug|Any CPU.Build.0 = Debug|Any CPU
		{CED8FE26-8476-4FB3-BBDC-746AA388530D}.Release|Any CPU.ActiveCfg = Release|Any CPU
		{CED8FE26-8476-4FB3-BBDC-746AA388530D}.Release|Any CPU.Build.0 = Release|Any CPU
		{A4904C04-27A5-48C5-9FE8-4AB887255292}.Debug|Any CPU.ActiveCfg = Debug|Any CPU
		{A4904C04-27A5-48C5-9FE8-4AB887255292}.Debug|Any CPU.Build.0 = Debug|Any CPU
		{A4904C04-27A5-48C5-9FE8-4AB887255292}.Release|Any CPU.ActiveCfg = Release|Any CPU
		{A4904C04-27A5-48C5-9FE8-4AB887255292}.Release|Any CPU.Build.0 = Release|Any CPU
	EndGlobalSection
	GlobalSection(NestedProjects) = preSolution
		{8F98AA27-6E02-4D91-9993-0625DBD1B537} = {D12FDF25-36FB-4FF9-9460-57AAC6CCBBE4}
		{5012DE26-323F-47BD-9403-9387ED0E66AF} = {D12FDF25-36FB-4FF9-9460-57AAC6CCBBE4}
		{C88EE159-E8F3-41E2-B1D0-D0B2893CB1B0} = {D12FDF25-36FB-4FF9-9460-57AAC6CCBBE4}
		{732CE4A4-3771-4789-96F8-EFF2AF50ABFB} = {330FFDE9-6E0E-4624-B98C-A8D14FF26B07}
		{CED8FE26-8476-4FB3-BBDC-746AA388530D} = {330FFDE9-6E0E-4624-B98C-A8D14FF26B07}
		{A4904C04-27A5-48C5-9FE8-4AB887255292} = {330FFDE9-6E0E-4624-B98C-A8D14FF26B07}
	EndGlobalSection
EndGlobal
